
Microsoft Visual Studio Solution File, Format Version 12.00
# Visual Studio 2012
Project("{FAE04EC0-301F-11D3-BF4B-00C04F79EFBC}") = "tinhtong", "tinhtong\tinhtong.csproj", "{6C14E5B9-EDF5-4831-9CAD-A9984AE85F43}"
EndProject
Global
	GlobalSection(SolutionConfigurationPlatforms) = preSolution
		Debug|Any CPU = Debug|Any CPU
		Release|Any CPU = Release|Any CPU
	EndGlobalSection
	GlobalSection(ProjectConfigurationPlatforms) = postSolution
		{6C14E5B9-EDF5-4831-9CAD-A9984AE85F43}.Debug|Any CPU.ActiveCfg = Debug|Any CPU
		{6C14E5B9-EDF5-4831-9CAD-A9984AE85F43}.Debug|Any CPU.Build.0 = Debug|Any CPU
		{6C14E5B9-EDF5-4831-9CAD-A9984AE85F43}.Release|Any CPU.ActiveCfg = Release|Any CPU
		{6C14E5B9-EDF5-4831-9CAD-A9984AE85F43}.Release|Any CPU.Build.0 = Release|Any CPU
	EndGlobalSection
	GlobalSection(SolutionProperties) = preSolution
		HideSolutionNode = FALSE
	EndGlobalSection
EndGlobal
